
Microsoft Visual Studio Solution File, Format Version 12.00
# Visual Studio 15
VisualStudioVersion = 15.0.28010.2048
MinimumVisualStudioVersion = 10.0.40219.1
Project("{9A19103F-16F7-4668-BE54-9A1E7A4F7556}") = "01. Count Real Numbers", "01. Count Real Numbers\01. Count Real Numbers.csproj", "{20AEA18F-A139-4B18-8F2E-8E4DDB44DD01}"
EndProject
Project("{FAE04EC0-301F-11D3-BF4B-00C04F79EFBC}") = "02. Odd Occurrences", "02. Odd Occurrences\02. Odd Occurrences.csproj", "{53731C36-AD80-4A57-9E6D-7BDA10E0D191}"
EndProject
Project("{FAE04EC0-301F-11D3-BF4B-00C04F79EFBC}") = "03. Word Synonyms", "03. Word Synonyms\03. Word Synonyms.csproj", "{582CA331-C3B2-422B-822C-13B73C2C7346}"
EndProject
Project("{FAE04EC0-301F-11D3-BF4B-00C04F79EFBC}") = "04. Largest 3 Numbers", "04. Largest 3 Numbers\04. Largest 3 Numbers.csproj", "{AB638B0F-82B9-4404-9CF2-8850CBADA89E}"
EndProject
Project("{FAE04EC0-301F-11D3-BF4B-00C04F79EFBC}") = "05. Word Filter", "05. Word Filter\05. Word Filter.csproj", "{77311B24-C7C3-45D2-9BE8-8B28503C8BFF}"
EndProject
Global
	GlobalSection(SolutionConfigurationPlatforms) = preSolution
		Debug|Any CPU = Debug|Any CPU
		Release|Any CPU = Release|Any CPU
	EndGlobalSection
	GlobalSection(ProjectConfigurationPlatforms) = postSolution
		{20AEA18F-A139-4B18-8F2E-8E4DDB44DD01}.Debug|Any CPU.ActiveCfg = Debug|Any CPU
		{20AEA18F-A139-4B18-8F2E-8E4DDB44DD01}.Debug|Any CPU.Build.0 = Debug|Any CPU
		{20AEA18F-A139-4B18-8F2E-8E4DDB44DD01}.Release|Any CPU.ActiveCfg = Release|Any CPU
		{20AEA18F-A139-4B18-8F2E-8E4DDB44DD01}.Release|Any CPU.Build.0 = Release|Any CPU
		{53731C36-AD80-4A57-9E6D-7BDA10E0D191}.Debug|Any CPU.ActiveCfg = Debug|Any CPU
		{53731C36-AD80-4A57-9E6D-7BDA10E0D191}.Debug|Any CPU.Build.0 = Debug|Any CPU
		{53731C36-AD80-4A57-9E6D-7BDA10E0D191}.Release|Any CPU.ActiveCfg = Release|Any CPU
		{53731C36-AD80-4A57-9E6D-7BDA10E0D191}.Release|Any CPU.Build.0 = Release|Any CPU
		{582CA331-C3B2-422B-822C-13B73C2C7346}.Debug|Any CPU.ActiveCfg = Debug|Any CPU
		{582CA331-C3B2-422B-822C-13B73C2C7346}.Debug|Any CPU.Build.0 = Debug|Any CPU
		{582CA331-C3B2-422B-822C-13B73C2C7346}.Release|Any CPU.ActiveCfg = Release|Any CPU
		{582CA331-C3B2-422B-822C-13B73C2C7346}.Release|Any CPU.Build.0 = Release|Any CPU
		{AB638B0F-82B9-4404-9CF2-8850CBADA89E}.Debug|Any CPU.ActiveCfg = Debug|Any CPU
		{AB638B0F-82B9-4404-9CF2-8850CBADA89E}.Debug|Any CPU.Build.0 = Debug|Any CPU
		{AB638B0F-82B9-4404-9CF2-8850CBADA89E}.Release|Any CPU.ActiveCfg = Release|Any CPU
		{AB638B0F-82B9-4404-9CF2-8850CBADA89E}.Release|Any CPU.Build.0 = Release|Any CPU
		{77311B24-C7C3-45D2-9BE8-8B28503C8BFF}.Debug|Any CPU.ActiveCfg = Debug|Any CPU
		{77311B24-C7C3-45D2-9BE8-8B28503C8BFF}.Debug|Any CPU.Build.0 = Debug|Any CPU
		{77311B24-C7C3-45D2-9BE8-8B28503C8BFF}.Release|Any CPU.ActiveCfg = Release|Any CPU
		{77311B24-C7C3-45D2-9BE8-8B28503C8BFF}.Release|Any CPU.Build.0 = Release|Any CPU
	EndGlobalSection
	GlobalSection(SolutionProperties) = preSolution
		HideSolutionNode = FALSE
	EndGlobalSection
	GlobalSection(ExtensibilityGlobals) = postSolution
		SolutionGuid = {CEB0B05E-BC90-496A-8034-9608CF719100}
	EndGlobalSection
EndGlobal
