
Microsoft Visual Studio Solution File, Format Version 12.00
# Visual Studio 15
VisualStudioVersion = 15.0.28010.2048
MinimumVisualStudioVersion = 10.0.40219.1
Project("{9A19103F-16F7-4668-BE54-9A1E7A4F7556}") = "ToDoList", "ToDoList\ToDoList.csproj", "{14BD7740-8A35-4134-A3BF-11955CA9E34F}"
EndProject
Global
	GlobalSection(SolutionConfigurationPlatforms) = preSolution
		Debug|Any CPU = Debug|Any CPU
		Release|Any CPU = Release|Any CPU
	EndGlobalSection
	GlobalSection(ProjectConfigurationPlatforms) = postSolution
		{14BD7740-8A35-4134-A3BF-11955CA9E34F}.Debug|Any CPU.ActiveCfg = Debug|Any CPU
		{14BD7740-8A35-4134-A3BF-11955CA9E34F}.Debug|Any CPU.Build.0 = Debug|Any CPU
		{14BD7740-8A35-4134-A3BF-11955CA9E34F}.Release|Any CPU.ActiveCfg = Release|Any CPU
		{14BD7740-8A35-4134-A3BF-11955CA9E34F}.Release|Any CPU.Build.0 = Release|Any CPU
	EndGlobalSection
	GlobalSection(SolutionProperties) = preSolution
		HideSolutionNode = FALSE
	EndGlobalSection
	GlobalSection(ExtensibilityGlobals) = postSolution
		SolutionGuid = {7F42F8E2-9ED1-45B2-AE18-F4BD50A99370}
	EndGlobalSection
EndGlobal
