
Microsoft Visual Studio Solution File, Format Version 12.00
# Visual Studio 15
VisualStudioVersion = 15.0.28010.2048
MinimumVisualStudioVersion = 10.0.40219.1
Project("{9A19103F-16F7-4668-BE54-9A1E7A4F7556}") = "01. Company Roster", "01. Company Roster\01. Company Roster.csproj", "{EF1FB1EE-48D9-418F-A354-8C932779A1FB}"
EndProject
Project("{FAE04EC0-301F-11D3-BF4B-00C04F79EFBC}") = "02. Oldest Family Member", "02. Oldest Family Member\02. Oldest Family Member.csproj", "{EA24C8CF-30D1-478A-9489-F6FF962A6E27}"
EndProject
Project("{FAE04EC0-301F-11D3-BF4B-00C04F79EFBC}") = "03. Speed Racing", "03. Speed Racing\03. Speed Racing.csproj", "{458A4BD3-6007-486F-B2A7-4BB281043478}"
EndProject
Project("{FAE04EC0-301F-11D3-BF4B-00C04F79EFBC}") = "04. Raw Data", "04. Raw Data\04. Raw Data.csproj", "{C618E5CF-7AD8-42AD-81EB-0E7039DA6C4F}"
EndProject
Project("{FAE04EC0-301F-11D3-BF4B-00C04F79EFBC}") = "05. Shopping Spree", "05. Shopping Spree\05. Shopping Spree.csproj", "{C553ED0A-12D0-49CB-AF6B-18BBFA846E27}"
EndProject
Global
	GlobalSection(SolutionConfigurationPlatforms) = preSolution
		Debug|Any CPU = Debug|Any CPU
		Release|Any CPU = Release|Any CPU
	EndGlobalSection
	GlobalSection(ProjectConfigurationPlatforms) = postSolution
		{EF1FB1EE-48D9-418F-A354-8C932779A1FB}.Debug|Any CPU.ActiveCfg = Debug|Any CPU
		{EF1FB1EE-48D9-418F-A354-8C932779A1FB}.Debug|Any CPU.Build.0 = Debug|Any CPU
		{EF1FB1EE-48D9-418F-A354-8C932779A1FB}.Release|Any CPU.ActiveCfg = Release|Any CPU
		{EF1FB1EE-48D9-418F-A354-8C932779A1FB}.Release|Any CPU.Build.0 = Release|Any CPU
		{EA24C8CF-30D1-478A-9489-F6FF962A6E27}.Debug|Any CPU.ActiveCfg = Debug|Any CPU
		{EA24C8CF-30D1-478A-9489-F6FF962A6E27}.Debug|Any CPU.Build.0 = Debug|Any CPU
		{EA24C8CF-30D1-478A-9489-F6FF962A6E27}.Release|Any CPU.ActiveCfg = Release|Any CPU
		{EA24C8CF-30D1-478A-9489-F6FF962A6E27}.Release|Any CPU.Build.0 = Release|Any CPU
		{458A4BD3-6007-486F-B2A7-4BB281043478}.Debug|Any CPU.ActiveCfg = Debug|Any CPU
		{458A4BD3-6007-486F-B2A7-4BB281043478}.Debug|Any CPU.Build.0 = Debug|Any CPU
		{458A4BD3-6007-486F-B2A7-4BB281043478}.Release|Any CPU.ActiveCfg = Release|Any CPU
		{458A4BD3-6007-486F-B2A7-4BB281043478}.Release|Any CPU.Build.0 = Release|Any CPU
		{C618E5CF-7AD8-42AD-81EB-0E7039DA6C4F}.Debug|Any CPU.ActiveCfg = Debug|Any CPU
		{C618E5CF-7AD8-42AD-81EB-0E7039DA6C4F}.Debug|Any CPU.Build.0 = Debug|Any CPU
		{C618E5CF-7AD8-42AD-81EB-0E7039DA6C4F}.Release|Any CPU.ActiveCfg = Release|Any CPU
		{C618E5CF-7AD8-42AD-81EB-0E7039DA6C4F}.Release|Any CPU.Build.0 = Release|Any CPU
		{C553ED0A-12D0-49CB-AF6B-18BBFA846E27}.Debug|Any CPU.ActiveCfg = Debug|Any CPU
		{C553ED0A-12D0-49CB-AF6B-18BBFA846E27}.Debug|Any CPU.Build.0 = Debug|Any CPU
		{C553ED0A-12D0-49CB-AF6B-18BBFA846E27}.Release|Any CPU.ActiveCfg = Release|Any CPU
		{C553ED0A-12D0-49CB-AF6B-18BBFA846E27}.Release|Any CPU.Build.0 = Release|Any CPU
	EndGlobalSection
	GlobalSection(SolutionProperties) = preSolution
		HideSolutionNode = FALSE
	EndGlobalSection
	GlobalSection(ExtensibilityGlobals) = postSolution
		SolutionGuid = {0C1C3608-2A6C-406E-9E81-A08630C6D3DC}
	EndGlobalSection
EndGlobal
