
Microsoft Visual Studio Solution File, Format Version 12.00
# Visual Studio 15
VisualStudioVersion = 15.0.28010.2041
MinimumVisualStudioVersion = 10.0.40219.1
Project("{FAE04EC0-301F-11D3-BF4B-00C04F79EFBC}") = "EinsteinsRiddle", "EinsteinsRiddle\EinsteinsRiddle.csproj", "{5AFCAA9C-85A7-4153-85F0-1B1827823F08}"
EndProject
Global
	GlobalSection(SolutionConfigurationPlatforms) = preSolution
		Debug|Any CPU = Debug|Any CPU
		Release|Any CPU = Release|Any CPU
	EndGlobalSection
	GlobalSection(ProjectConfigurationPlatforms) = postSolution
		{5AFCAA9C-85A7-4153-85F0-1B1827823F08}.Debug|Any CPU.ActiveCfg = Debug|Any CPU
		{5AFCAA9C-85A7-4153-85F0-1B1827823F08}.Debug|Any CPU.Build.0 = Debug|Any CPU
		{5AFCAA9C-85A7-4153-85F0-1B1827823F08}.Release|Any CPU.ActiveCfg = Release|Any CPU
		{5AFCAA9C-85A7-4153-85F0-1B1827823F08}.Release|Any CPU.Build.0 = Release|Any CPU
	EndGlobalSection
	GlobalSection(SolutionProperties) = preSolution
		HideSolutionNode = FALSE
	EndGlobalSection
	GlobalSection(ExtensibilityGlobals) = postSolution
		SolutionGuid = {3D10EAF1-1254-459C-989C-20E3092C3C5F}
	EndGlobalSection
EndGlobal
